
Microsoft Visual Studio Solution File, Format Version 12.00
# Visual Studio Version 17
VisualStudioVersion = 17.4.33205.214
MinimumVisualStudioVersion = 10.0.40219.1
Project("{FAE04EC0-301F-11D3-BF4B-00C04F79EFBC}") = "WebTest", "WebTest.csproj", "{8D74E202-A0FB-4883-A8BF-1C7B39C436BE}"
EndProject
Global
	GlobalSection(SolutionConfigurationPlatforms) = preSolution
		Debug|Any CPU = Debug|Any CPU
		Release|Any CPU = Release|Any CPU
	EndGlobalSection
	GlobalSection(ProjectConfigurationPlatforms) = postSolution
		{8D74E202-A0FB-4883-A8BF-1C7B39C436BE}.Debug|Any CPU.ActiveCfg = Debug|Any CPU
		{8D74E202-A0FB-4883-A8BF-1C7B39C436BE}.Debug|Any CPU.Build.0 = Debug|Any CPU
		{8D74E202-A0FB-4883-A8BF-1C7B39C436BE}.Release|Any CPU.ActiveCfg = Release|Any CPU
		{8D74E202-A0FB-4883-A8BF-1C7B39C436BE}.Release|Any CPU.Build.0 = Release|Any CPU
	EndGlobalSection
	GlobalSection(SolutionProperties) = preSolution
		HideSolutionNode = FALSE
	EndGlobalSection
	GlobalSection(ExtensibilityGlobals) = postSolution
		SolutionGuid = {EA86FCE8-3A02-4EDA-9C37-BC3514311334}
	EndGlobalSection
EndGlobal
